
Microsoft Visual Studio Solution File, Format Version 12.00
# Visual Studio Version 16
VisualStudioVersion = 16.0.29613.14
MinimumVisualStudioVersion = 10.0.40219.1
Project("{9A19103F-16F7-4668-BE54-9A1E7A4F7556}") = "Vidly", "Vidly\Vidly.csproj", "{5D3775B2-552B-410C-939C-41C3A0DCBA23}"
EndProject
Global
	GlobalSection(SolutionConfigurationPlatforms) = preSolution
		Debug|Any CPU = Debug|Any CPU
		Release|Any CPU = Release|Any CPU
		Testing|Any CPU = Testing|Any CPU
	EndGlobalSection
	GlobalSection(ProjectConfigurationPlatforms) = postSolution
		{5D3775B2-552B-410C-939C-41C3A0DCBA23}.Debug|Any CPU.ActiveCfg = Debug|Any CPU
		{5D3775B2-552B-410C-939C-41C3A0DCBA23}.Debug|Any CPU.Build.0 = Debug|Any CPU
		{5D3775B2-552B-410C-939C-41C3A0DCBA23}.Release|Any CPU.ActiveCfg = Release|Any CPU
		{5D3775B2-552B-410C-939C-41C3A0DCBA23}.Release|Any CPU.Build.0 = Release|Any CPU
		{5D3775B2-552B-410C-939C-41C3A0DCBA23}.Testing|Any CPU.ActiveCfg = Testing|Any CPU
		{5D3775B2-552B-410C-939C-41C3A0DCBA23}.Testing|Any CPU.Build.0 = Testing|Any CPU
	EndGlobalSection
	GlobalSection(SolutionProperties) = preSolution
		HideSolutionNode = FALSE
	EndGlobalSection
	GlobalSection(ExtensibilityGlobals) = postSolution
		SolutionGuid = {5444CEA4-3380-44E0-8108-A6CA48F4385F}
	EndGlobalSection
EndGlobal
